{
    "_meta": {
        "hash": {
            "sha256": "0d460df2ecead9873d19e68f52f97b2f0b7f982c9099f422c940acbca072cde2"
        },
        "pipfile-spec": 6,
        "requires": {
            "python_version": "3.9"
        },
        "sources": [
            {
                "name": "pypi",
                "url": "https://pypi.org/simple",
                "verify_ssl": true
            }
        ]
    },
    "default": {},
    "develop": {
        "click": {
            "hashes": [
                "sha256:24e1a4a9ec5bf6299411369b208c1df2188d9eb8d916302fe6bf03faed227f1e",
                "sha256:479707fe14d9ec9a0757618b7a100a0ae4c4e236fac5b7f80ca68028141a1a72"
            ],
            "markers": "python_version >= '3.7'",
            "version": "==8.1.2"
        },
        "git-release-tag": {
            "hashes": [
                "sha256:c875ca6a376374dc94274570ddde71e429e18381da0b528c84df53fc97f4497c"
            ],
            "index": "pypi",
            "version": "==0.6.2"
        }
    }
}
